Microsoft Visual Studio Solution File, Format Version 12.00
# Visual Studio Version 17
VisualStudioVersion = 17.5.2.0
MinimumVisualStudioVersion = 10.0.40219.1
Project("{FAE04EC0-301F-11D3-BF4B-00C04F79EFBC}") = "DungeonOfShadows", "DungeonOfShadows.csproj", "{2CFCEBC8-90CD-8E33-4EAA-E172283306B2}"
EndProject
Global
	GlobalSection(SolutionConfigurationPlatforms) = preSolution
		Debug|Any CPU = Debug|Any CPU
		Release|Any CPU = Release|Any CPU
	EndGlobalSection
	GlobalSection(ProjectConfigurationPlatforms) = postSolution
		{2CFCEBC8-90CD-8E33-4EAA-E172283306B2}.Debug|Any CPU.ActiveCfg = Debug|Any CPU
		{2CFCEBC8-90CD-8E33-4EAA-E172283306B2}.Debug|Any CPU.Build.0 = Debug|Any CPU
		{2CFCEBC8-90CD-8E33-4EAA-E172283306B2}.Release|Any CPU.ActiveCfg = Release|Any CPU
		{2CFCEBC8-90CD-8E33-4EAA-E172283306B2}.Release|Any CPU.Build.0 = Release|Any CPU
	EndGlobalSection
	GlobalSection(SolutionProperties) = preSolution
		HideSolutionNode = FALSE
	EndGlobalSection
	GlobalSection(ExtensibilityGlobals) = postSolution
		SolutionGuid = {943FAC38-1808-4C5E-9A78-EEE2300BF1F4}
	EndGlobalSection
EndGlobal
